
Microsoft Visual Studio Solution File, Format Version 12.00
# Visual Studio Version 16
VisualStudioVersion = 16.0.31624.102
MinimumVisualStudioVersion = 10.0.40219.1
Project("{2150E333-8FDC-42A3-9474-1A3956D46DE8}") = "Microservices", "Microservices", "{B05EAC77-D52D-43CA-83A1-8533D508A1F8}"
EndProject
Project("{2150E333-8FDC-42A3-9474-1A3956D46DE8}") = "Domain", "Domain", "{0E357E61-9EDE-4F30-8A0E-A68630FFC4EA}"
EndProject
Project("{2150E333-8FDC-42A3-9474-1A3956D46DE8}") = "Infra.Bus", "Infra.Bus", "{0989AD57-29CD-474B-ACBA-D4FDC48AF7B8}"
EndProject
Project("{2150E333-8FDC-42A3-9474-1A3956D46DE8}") = "Infra.IoC", "Infra.IoC", "{B33202DD-CE6C-42FB-81EE-0E3F6E0105A1}"
EndProject
Project("{2150E333-8FDC-42A3-9474-1A3956D46DE8}") = "Presentation", "Presentation", "{982B6F67-3739-4179-8A93-2477DDC0A5CF}"
EndProject
Project("{9A19103F-16F7-4668-BE54-9A1E7A4F7556}") = "MicroRabbit.Domain.Core", "MicroRabbir.Domain.Core\MicroRabbit.Domain.Core.csproj", "{7E00B9FA-DE20-4F4D-8BA9-D266711D8EBE}"
EndProject
Project("{9A19103F-16F7-4668-BE54-9A1E7A4F7556}") = "MicroRabbit.Infra.Bus", "MicroRabbit.Infra.Bus\MicroRabbit.Infra.Bus.csproj", "{F0BE3A29-5A8D-4426-AF1B-CDB35889B9E7}"
EndProject
Project("{9A19103F-16F7-4668-BE54-9A1E7A4F7556}") = "MicroRabbit.Infra.IoC", "MicroRabbit.Infra.IoC\MicroRabbit.Infra.IoC.csproj", "{A4E926AD-034D-48D8-9C97-B9F7F2021A1E}"
EndProject
Project("{2150E333-8FDC-42A3-9474-1A3956D46DE8}") = "Banking", "Banking", "{638CC552-371C-47FE-B70D-9EF78E7AC9A2}"
EndProject
Project("{2150E333-8FDC-42A3-9474-1A3956D46DE8}") = "Api", "Api", "{C7C84B09-93FB-480F-B95F-8AE96F74264C}"
EndProject
Project("{2150E333-8FDC-42A3-9474-1A3956D46DE8}") = "Application", "Application", "{D6B46DD1-5030-4ACE-89A3-EAA5CDE64825}"
EndProject
Project("{2150E333-8FDC-42A3-9474-1A3956D46DE8}") = "Data", "Data", "{27E070A0-D6E8-44BD-83E2-9F4C1D308A18}"
EndProject
Project("{2150E333-8FDC-42A3-9474-1A3956D46DE8}") = "Domain", "Domain", "{1B803FFF-7A8A-4746-AE55-48D119D51584}"
EndProject
Project("{9A19103F-16F7-4668-BE54-9A1E7A4F7556}") = "MicroRabbit.Banking.Api", "MicroRabbit.Banking.Api\MicroRabbit.Banking.Api.csproj", "{83964C8E-5E70-40A5-954F-A3408B4250A0}"
EndProject
Project("{9A19103F-16F7-4668-BE54-9A1E7A4F7556}") = "MicroRabbit.Banking.Application", "MicroRabbit.Banking.Application\MicroRabbit.Banking.Application.csproj", "{A7DD40A7-4D4E-4B80-A9A2-A864937FDD8C}"
EndProject
Project("{9A19103F-16F7-4668-BE54-9A1E7A4F7556}") = "MicroRabbit.Banking.Data", "MicroRabbit.Banking.Data\MicroRabbit.Banking.Data.csproj", "{64080434-8499-4F20-B87A-5172147291A7}"
EndProject
Project("{9A19103F-16F7-4668-BE54-9A1E7A4F7556}") = "MicroRabbit.Banking.Domain", "MicroRabbit.Banking.Domain\MicroRabbit.Banking.Domain.csproj", "{5985BC37-0437-48B5-8D0D-9AD1DAE50EBE}"
EndProject
Project("{2150E333-8FDC-42A3-9474-1A3956D46DE8}") = "Transfer", "Transfer", "{DCED8058-2B0F-4D66-AF31-35A89AB75665}"
EndProject
Project("{2150E333-8FDC-42A3-9474-1A3956D46DE8}") = "Api", "Api", "{C3A171C8-D1ED-4C76-9338-52C30C53FA69}"
EndProject
Project("{2150E333-8FDC-42A3-9474-1A3956D46DE8}") = "Application", "Application", "{DB677B22-CEDA-4E48-8F4E-05E6196524BA}"
EndProject
Project("{2150E333-8FDC-42A3-9474-1A3956D46DE8}") = "Data", "Data", "{1626B7AF-AEEA-4F30-BA17-3957A4E280DE}"
EndProject
Project("{2150E333-8FDC-42A3-9474-1A3956D46DE8}") = "Domain", "Domain", "{83F0391E-58B3-4C36-A7B2-D10A1486801B}"
EndProject
Project("{FAE04EC0-301F-11D3-BF4B-00C04F79EFBC}") = "MicroRabbit.Transfer.Api", "MicroRabbit.Transfer.Api\MicroRabbit.Transfer.Api.csproj", "{C960845B-92D0-47BD-B3B2-A0BD54E33516}"
EndProject
Project("{FAE04EC0-301F-11D3-BF4B-00C04F79EFBC}") = "MicroRabbit.Transfer.Application", "MicroRabbit.Transfer.Application\MicroRabbit.Transfer.Application.csproj", "{504C7133-AA18-46CF-BFF1-4153E6EB4352}"
EndProject
Project("{FAE04EC0-301F-11D3-BF4B-00C04F79EFBC}") = "MicroRabbit.Transfer.Data", "MicroRabbit.Transfer.Data\MicroRabbit.Transfer.Data.csproj", "{AA569468-F44D-4ADC-B43B-A715A3C49C61}"
EndProject
Project("{FAE04EC0-301F-11D3-BF4B-00C04F79EFBC}") = "MicroRabbit.Transfer.Domain", "MicroRabbit.Transfer.Domain\MicroRabbit.Transfer.Domain.csproj", "{769C5142-AA34-45C6-9310-192FD4DBC21F}"
EndProject
Global
	GlobalSection(SolutionConfigurationPlatforms) = preSolution
		Debug|Any CPU = Debug|Any CPU
		Release|Any CPU = Release|Any CPU
	EndGlobalSection
	GlobalSection(ProjectConfigurationPlatforms) = postSolution
		{7E00B9FA-DE20-4F4D-8BA9-D266711D8EBE}.Debug|Any CPU.ActiveCfg = Debug|Any CPU
		{7E00B9FA-DE20-4F4D-8BA9-D266711D8EBE}.Debug|Any CPU.Build.0 = Debug|Any CPU
		{7E00B9FA-DE20-4F4D-8BA9-D266711D8EBE}.Release|Any CPU.ActiveCfg = Release|Any CPU
		{7E00B9FA-DE20-4F4D-8BA9-D266711D8EBE}.Release|Any CPU.Build.0 = Release|Any CPU
		{F0BE3A29-5A8D-4426-AF1B-CDB35889B9E7}.Debug|Any CPU.ActiveCfg = Debug|Any CPU
		{F0BE3A29-5A8D-4426-AF1B-CDB35889B9E7}.Debug|Any CPU.Build.0 = Debug|Any CPU
		{F0BE3A29-5A8D-4426-AF1B-CDB35889B9E7}.Release|Any CPU.ActiveCfg = Release|Any CPU
		{F0BE3A29-5A8D-4426-AF1B-CDB35889B9E7}.Release|Any CPU.Build.0 = Release|Any CPU
		{A4E926AD-034D-48D8-9C97-B9F7F2021A1E}.Debug|Any CPU.ActiveCfg = Debug|Any CPU
		{A4E926AD-034D-48D8-9C97-B9F7F2021A1E}.Debug|Any CPU.Build.0 = Debug|Any CPU
		{A4E926AD-034D-48D8-9C97-B9F7F2021A1E}.Release|Any CPU.ActiveCfg = Release|Any CPU
		{A4E926AD-034D-48D8-9C97-B9F7F2021A1E}.Release|Any CPU.Build.0 = Release|Any CPU
		{83964C8E-5E70-40A5-954F-A3408B4250A0}.Debug|Any CPU.ActiveCfg = Debug|Any CPU
		{83964C8E-5E70-40A5-954F-A3408B4250A0}.Debug|Any CPU.Build.0 = Debug|Any CPU
		{83964C8E-5E70-40A5-954F-A3408B4250A0}.Release|Any CPU.ActiveCfg = Release|Any CPU
		{83964C8E-5E70-40A5-954F-A3408B4250A0}.Release|Any CPU.Build.0 = Release|Any CPU
		{A7DD40A7-4D4E-4B80-A9A2-A864937FDD8C}.Debug|Any CPU.ActiveCfg = Debug|Any CPU
		{A7DD40A7-4D4E-4B80-A9A2-A864937FDD8C}.Debug|Any CPU.Build.0 = Debug|Any CPU
		{A7DD40A7-4D4E-4B80-A9A2-A864937FDD8C}.Release|Any CPU.ActiveCfg = Release|Any CPU
		{A7DD40A7-4D4E-4B80-A9A2-A864937FDD8C}.Release|Any CPU.Build.0 = Release|Any CPU
		{64080434-8499-4F20-B87A-5172147291A7}.Debug|Any CPU.ActiveCfg = Debug|Any CPU
		{64080434-8499-4F20-B87A-5172147291A7}.Debug|Any CPU.Build.0 = Debug|Any CPU
		{64080434-8499-4F20-B87A-5172147291A7}.Release|Any CPU.ActiveCfg = Release|Any CPU
		{64080434-8499-4F20-B87A-5172147291A7}.Release|Any CPU.Build.0 = Release|Any CPU
		{5985BC37-0437-48B5-8D0D-9AD1DAE50EBE}.Debug|Any CPU.ActiveCfg = Debug|Any CPU
		{5985BC37-0437-48B5-8D0D-9AD1DAE50EBE}.Debug|Any CPU.Build.0 = Debug|Any CPU
		{5985BC37-0437-48B5-8D0D-9AD1DAE50EBE}.Release|Any CPU.ActiveCfg = Release|Any CPU
		{5985BC37-0437-48B5-8D0D-9AD1DAE50EBE}.Release|Any CPU.Build.0 = Release|Any CPU
		{C960845B-92D0-47BD-B3B2-A0BD54E33516}.Debug|Any CPU.ActiveCfg = Debug|Any CPU
		{C960845B-92D0-47BD-B3B2-A0BD54E33516}.Debug|Any CPU.Build.0 = Debug|Any CPU
		{C960845B-92D0-47BD-B3B2-A0BD54E33516}.Release|Any CPU.ActiveCfg = Release|Any CPU
		{C960845B-92D0-47BD-B3B2-A0BD54E33516}.Release|Any CPU.Build.0 = Release|Any CPU
		{504C7133-AA18-46CF-BFF1-4153E6EB4352}.Debug|Any CPU.ActiveCfg = Debug|Any CPU
		{504C7133-AA18-46CF-BFF1-4153E6EB4352}.Debug|Any CPU.Build.0 = Debug|Any CPU
		{504C7133-AA18-46CF-BFF1-4153E6EB4352}.Release|Any CPU.ActiveCfg = Release|Any CPU
		{504C7133-AA18-46CF-BFF1-4153E6EB4352}.Release|Any CPU.Build.0 = Release|Any CPU
		{AA569468-F44D-4ADC-B43B-A715A3C49C61}.Debug|Any CPU.ActiveCfg = Debug|Any CPU
		{AA569468-F44D-4ADC-B43B-A715A3C49C61}.Debug|Any CPU.Build.0 = Debug|Any CPU
		{AA569468-F44D-4ADC-B43B-A715A3C49C61}.Release|Any CPU.ActiveCfg = Release|Any CPU
		{AA569468-F44D-4ADC-B43B-A715A3C49C61}.Release|Any CPU.Build.0 = Release|Any CPU
		{769C5142-AA34-45C6-9310-192FD4DBC21F}.Debug|Any CPU.ActiveCfg = Debug|Any CPU
		{769C5142-AA34-45C6-9310-192FD4DBC21F}.Debug|Any CPU.Build.0 = Debug|Any CPU
		{769C5142-AA34-45C6-9310-192FD4DBC21F}.Release|Any CPU.ActiveCfg = Release|Any CPU
		{769C5142-AA34-45C6-9310-192FD4DBC21F}.Release|Any CPU.Build.0 = Release|Any CPU
	EndGlobalSection
	GlobalSection(SolutionProperties) = preSolution
		HideSolutionNode = FALSE
	EndGlobalSection
	GlobalSection(NestedProjects) = preSolution
		{7E00B9FA-DE20-4F4D-8BA9-D266711D8EBE} = {0E357E61-9EDE-4F30-8A0E-A68630FFC4EA}
		{F0BE3A29-5A8D-4426-AF1B-CDB35889B9E7} = {0989AD57-29CD-474B-ACBA-D4FDC48AF7B8}
		{A4E926AD-034D-48D8-9C97-B9F7F2021A1E} = {B33202DD-CE6C-42FB-81EE-0E3F6E0105A1}
		{638CC552-371C-47FE-B70D-9EF78E7AC9A2} = {B05EAC77-D52D-43CA-83A1-8533D508A1F8}
		{C7C84B09-93FB-480F-B95F-8AE96F74264C} = {638CC552-371C-47FE-B70D-9EF78E7AC9A2}
		{D6B46DD1-5030-4ACE-89A3-EAA5CDE64825} = {638CC552-371C-47FE-B70D-9EF78E7AC9A2}
		{27E070A0-D6E8-44BD-83E2-9F4C1D308A18} = {638CC552-371C-47FE-B70D-9EF78E7AC9A2}
		{1B803FFF-7A8A-4746-AE55-48D119D51584} = {638CC552-371C-47FE-B70D-9EF78E7AC9A2}
		{83964C8E-5E70-40A5-954F-A3408B4250A0} = {C7C84B09-93FB-480F-B95F-8AE96F74264C}
		{A7DD40A7-4D4E-4B80-A9A2-A864937FDD8C} = {D6B46DD1-5030-4ACE-89A3-EAA5CDE64825}
		{64080434-8499-4F20-B87A-5172147291A7} = {27E070A0-D6E8-44BD-83E2-9F4C1D308A18}
		{5985BC37-0437-48B5-8D0D-9AD1DAE50EBE} = {1B803FFF-7A8A-4746-AE55-48D119D51584}
		{DCED8058-2B0F-4D66-AF31-35A89AB75665} = {B05EAC77-D52D-43CA-83A1-8533D508A1F8}
		{C3A171C8-D1ED-4C76-9338-52C30C53FA69} = {DCED8058-2B0F-4D66-AF31-35A89AB75665}
		{DB677B22-CEDA-4E48-8F4E-05E6196524BA} = {DCED8058-2B0F-4D66-AF31-35A89AB75665}
		{1626B7AF-AEEA-4F30-BA17-3957A4E280DE} = {DCED8058-2B0F-4D66-AF31-35A89AB75665}
		{83F0391E-58B3-4C36-A7B2-D10A1486801B} = {DCED8058-2B0F-4D66-AF31-35A89AB75665}
		{C960845B-92D0-47BD-B3B2-A0BD54E33516} = {C3A171C8-D1ED-4C76-9338-52C30C53FA69}
		{504C7133-AA18-46CF-BFF1-4153E6EB4352} = {DB677B22-CEDA-4E48-8F4E-05E6196524BA}
		{AA569468-F44D-4ADC-B43B-A715A3C49C61} = {1626B7AF-AEEA-4F30-BA17-3957A4E280DE}
		{769C5142-AA34-45C6-9310-192FD4DBC21F} = {83F0391E-58B3-4C36-A7B2-D10A1486801B}
	EndGlobalSection
	GlobalSection(ExtensibilityGlobals) = postSolution
		SolutionGuid = {81C4D910-B5C5-4B78-9D31-EE1B15F5A443}
	EndGlobalSection
EndGlobal
